
Microsoft Visual Studio Solution File, Format Version 12.00
# Visual Studio Version 17
VisualStudioVersion = 17.6.33829.357
MinimumVisualStudioVersion = 10.0.40219.1
Project("{FAE04EC0-301F-11D3-BF4B-00C04F79EFBC}") = "Partial 4", "Partial 4.csproj", "{E7A9D7C4-D9A4-4B1E-9B17-308EFC558E36}"
EndProject
Global
	GlobalSection(SolutionConfigurationPlatforms) = preSolution
		Debug|Any CPU = Debug|Any CPU
		Release|Any CPU = Release|Any CPU
	EndGlobalSection
	GlobalSection(ProjectConfigurationPlatforms) = postSolution
		{E7A9D7C4-D9A4-4B1E-9B17-308EFC558E36}.Debug|Any CPU.ActiveCfg = Debug|Any CPU
		{E7A9D7C4-D9A4-4B1E-9B17-308EFC558E36}.Debug|Any CPU.Build.0 = Debug|Any CPU
		{E7A9D7C4-D9A4-4B1E-9B17-308EFC558E36}.Release|Any CPU.ActiveCfg = Release|Any CPU
		{E7A9D7C4-D9A4-4B1E-9B17-308EFC558E36}.Release|Any CPU.Build.0 = Release|Any CPU
	EndGlobalSection
	GlobalSection(SolutionProperties) = preSolution
		HideSolutionNode = FALSE
	EndGlobalSection
	GlobalSection(ExtensibilityGlobals) = postSolution
		SolutionGuid = {A6C7ACA2-4CB6-4E81-AD3D-9074B41784EE}
	EndGlobalSection
EndGlobal
